
Microsoft Visual Studio Solution File, Format Version 12.00
# Visual Studio 15
VisualStudioVersion = 15.0.27703.2042
MinimumVisualStudioVersion = 10.0.40219.1
Project("{FAE04EC0-301F-11D3-BF4B-00C04F79EFBC}") = "AssettoCorsaConsoleApp", "AssettoCorsaConsoleApp.csproj", "{CABD7A65-3FA4-4370-B4DB-E05BBDC525B2}"
EndProject
Project("{FAE04EC0-301F-11D3-BF4B-00C04F79EFBC}") = "AcUdpCommunication", "..\AC-UDP-Connection-master\AcUdpCommunication.csproj", "{428D175A-1AB6-48B9-A5AF-681E9631461C}"
EndProject
Project("{FAE04EC0-301F-11D3-BF4B-00C04F79EFBC}") = "GUI", "..\GUI\GUI.csproj", "{4506570E-D4F3-4DFD-8FDB-163472912295}"
EndProject
Project("{FAE04EC0-301F-11D3-BF4B-00C04F79EFBC}") = "ProjectCarsConsoleApp", "..\ProjectCarsConsoleApp\ProjectCarsConsoleApp.csproj", "{1B1DC21A-BDED-4A6B-B251-F2F425C75295}"
EndProject
Global
	GlobalSection(SolutionConfigurationPlatforms) = preSolution
		Debug|Any CPU = Debug|Any CPU
		Release|Any CPU = Release|Any CPU
	EndGlobalSection
	GlobalSection(ProjectConfigurationPlatforms) = postSolution
		{CABD7A65-3FA4-4370-B4DB-E05BBDC525B2}.Debug|Any CPU.ActiveCfg = Debug|Any CPU
		{CABD7A65-3FA4-4370-B4DB-E05BBDC525B2}.Debug|Any CPU.Build.0 = Debug|Any CPU
		{CABD7A65-3FA4-4370-B4DB-E05BBDC525B2}.Release|Any CPU.ActiveCfg = Release|Any CPU
		{CABD7A65-3FA4-4370-B4DB-E05BBDC525B2}.Release|Any CPU.Build.0 = Release|Any CPU
		{428D175A-1AB6-48B9-A5AF-681E9631461C}.Debug|Any CPU.ActiveCfg = Debug|Any CPU
		{428D175A-1AB6-48B9-A5AF-681E9631461C}.Debug|Any CPU.Build.0 = Debug|Any CPU
		{428D175A-1AB6-48B9-A5AF-681E9631461C}.Release|Any CPU.ActiveCfg = Release|Any CPU
		{428D175A-1AB6-48B9-A5AF-681E9631461C}.Release|Any CPU.Build.0 = Release|Any CPU
		{4506570E-D4F3-4DFD-8FDB-163472912295}.Debug|Any CPU.ActiveCfg = Debug|Any CPU
		{4506570E-D4F3-4DFD-8FDB-163472912295}.Debug|Any CPU.Build.0 = Debug|Any CPU
		{4506570E-D4F3-4DFD-8FDB-163472912295}.Release|Any CPU.ActiveCfg = Release|Any CPU
		{4506570E-D4F3-4DFD-8FDB-163472912295}.Release|Any CPU.Build.0 = Release|Any CPU
		{1B1DC21A-BDED-4A6B-B251-F2F425C75295}.Debug|Any CPU.ActiveCfg = Debug|Any CPU
		{1B1DC21A-BDED-4A6B-B251-F2F425C75295}.Debug|Any CPU.Build.0 = Debug|Any CPU
		{1B1DC21A-BDED-4A6B-B251-F2F425C75295}.Release|Any CPU.ActiveCfg = Release|Any CPU
		{1B1DC21A-BDED-4A6B-B251-F2F425C75295}.Release|Any CPU.Build.0 = Release|Any CPU
	EndGlobalSection
	GlobalSection(SolutionProperties) = preSolution
		HideSolutionNode = FALSE
	EndGlobalSection
	GlobalSection(ExtensibilityGlobals) = postSolution
		SolutionGuid = {0C29327F-7474-4204-A9C9-9DA53B6F16A5}
	EndGlobalSection
EndGlobal
